
Microsoft Visual Studio Solution File, Format Version 12.00
# Visual Studio Version 17
VisualStudioVersion = 17.13.35913.81 d17.13
MinimumVisualStudioVersion = 10.0.40219.1
Project("{FAE04EC0-301F-11D3-BF4B-00C04F79EFBC}") = "MvcMovie", "MvcMovie\MvcMovie.csproj", "{9365747F-8E89-4525-81B0-696F92DC86EE}"
EndProject
Global
	GlobalSection(SolutionConfigurationPlatforms) = preSolution
		Debug|Any CPU = Debug|Any CPU
		Release|Any CPU = Release|Any CPU
	EndGlobalSection
	GlobalSection(ProjectConfigurationPlatforms) = postSolution
		{9365747F-8E89-4525-81B0-696F92DC86EE}.Debug|Any CPU.ActiveCfg = Debug|Any CPU
		{9365747F-8E89-4525-81B0-696F92DC86EE}.Debug|Any CPU.Build.0 = Debug|Any CPU
		{9365747F-8E89-4525-81B0-696F92DC86EE}.Release|Any CPU.ActiveCfg = Release|Any CPU
		{9365747F-8E89-4525-81B0-696F92DC86EE}.Release|Any CPU.Build.0 = Release|Any CPU
	EndGlobalSection
	GlobalSection(SolutionProperties) = preSolution
		HideSolutionNode = FALSE
	EndGlobalSection
	GlobalSection(ExtensibilityGlobals) = postSolution
		SolutionGuid = {51B1D623-D133-487E-9E6D-EBCECC10E8A8}
	EndGlobalSection
EndGlobal
